
Microsoft Visual Studio Solution File, Format Version 12.00
# Visual Studio Version 17
VisualStudioVersion = 17.6.33829.357
MinimumVisualStudioVersion = 10.0.40219.1
Project("{FAE04EC0-301F-11D3-BF4B-00C04F79EFBC}") = "NetworkProgramming", "NetworkProgramming.csproj", "{6031F85A-26A8-4725-89EE-F45D43DA9C7C}"
EndProject
Global
	GlobalSection(SolutionConfigurationPlatforms) = preSolution
		Debug|Any CPU = Debug|Any CPU
		Release|Any CPU = Release|Any CPU
	EndGlobalSection
	GlobalSection(ProjectConfigurationPlatforms) = postSolution
		{6031F85A-26A8-4725-89EE-F45D43DA9C7C}.Debug|Any CPU.ActiveCfg = Debug|Any CPU
		{6031F85A-26A8-4725-89EE-F45D43DA9C7C}.Debug|Any CPU.Build.0 = Debug|Any CPU
		{6031F85A-26A8-4725-89EE-F45D43DA9C7C}.Release|Any CPU.ActiveCfg = Release|Any CPU
		{6031F85A-26A8-4725-89EE-F45D43DA9C7C}.Release|Any CPU.Build.0 = Release|Any CPU
	EndGlobalSection
	GlobalSection(SolutionProperties) = preSolution
		HideSolutionNode = FALSE
	EndGlobalSection
	GlobalSection(ExtensibilityGlobals) = postSolution
		SolutionGuid = {F0739155-1B2F-4501-8862-6FC47E5185A9}
	EndGlobalSection
EndGlobal
